{
  "requires": true,
  "lockfileVersion": 1,
  "dependencies": {
    "bulma": {
      "version": "0.7.1",
      "resolved": "https://registry.npmjs.org/bulma/-/bulma-0.7.1.tgz",
      "integrity": "sha512-wRSO2LXB+qI9Pyz2id+uZr4quz5aftSN7Ay1ysr1+krzVp3utD+Ci4CeKuZdrYGc800t65b7heXBL6qw2Wo/lQ=="
    },
    "bulma-extensions": {
      "version": "2.2.2",
      "resolved": "https://registry.npmjs.org/bulma-extensions/-/bulma-extensions-2.2.2.tgz",
      "integrity": "sha512-6hV6SiRT7RZD5+scn/462Dz8RURRgxuvlCy+R5LH9U6FLn7Q/sInAA5VdK8c4DKpxZjfsipp72EAKM7yzgzRig=="
    }
  }
}
